
Microsoft Visual Studio Solution File, Format Version 12.00
# Visual Studio Version 17
VisualStudioVersion = 17.4.33205.214
MinimumVisualStudioVersion = 10.0.40219.1
Project("{FAE04EC0-301F-11D3-BF4B-00C04F79EFBC}") = "BGMusic.WindowsDesktop", "BGMusic.WindowsDesktop\BGMusic.WindowsDesktop.csproj", "{BE31C6FD-2BF5-44DD-9734-9CE1BF4098C0}"
EndProject
Global
	GlobalSection(SolutionConfigurationPlatforms) = preSolution
		Debug|Any CPU = Debug|Any CPU
		Release|Any CPU = Release|Any CPU
	EndGlobalSection
	GlobalSection(ProjectConfigurationPlatforms) = postSolution
		{BE31C6FD-2BF5-44DD-9734-9CE1BF4098C0}.Debug|Any CPU.ActiveCfg = Debug|Any CPU
		{BE31C6FD-2BF5-44DD-9734-9CE1BF4098C0}.Debug|Any CPU.Build.0 = Debug|Any CPU
		{BE31C6FD-2BF5-44DD-9734-9CE1BF4098C0}.Release|Any CPU.ActiveCfg = Release|Any CPU
		{BE31C6FD-2BF5-44DD-9734-9CE1BF4098C0}.Release|Any CPU.Build.0 = Release|Any CPU
	EndGlobalSection
	GlobalSection(SolutionProperties) = preSolution
		HideSolutionNode = FALSE
	EndGlobalSection
	GlobalSection(ExtensibilityGlobals) = postSolution
		SolutionGuid = {72211CE1-D1AA-4F0A-B40F-68C06BD8BA27}
	EndGlobalSection
EndGlobal
