
Microsoft Visual Studio Solution File, Format Version 12.00
# Visual Studio Version 17
VisualStudioVersion = 17.4.33205.214
MinimumVisualStudioVersion = 10.0.40219.1
Project("{FAE04EC0-301F-11D3-BF4B-00C04F79EFBC}") = "LifeCycle.WindowsDesktop", "LifeCycle.WindowsDesktop\LifeCycle.WindowsDesktop.csproj", "{CFCB3067-A998-4070-B395-28C65E6B6B22}"
EndProject
Global
	GlobalSection(SolutionConfigurationPlatforms) = preSolution
		Debug|Any CPU = Debug|Any CPU
		Release|Any CPU = Release|Any CPU
	EndGlobalSection
	GlobalSection(ProjectConfigurationPlatforms) = postSolution
		{CFCB3067-A998-4070-B395-28C65E6B6B22}.Debug|Any CPU.ActiveCfg = Debug|Any CPU
		{CFCB3067-A998-4070-B395-28C65E6B6B22}.Debug|Any CPU.Build.0 = Debug|Any CPU
		{CFCB3067-A998-4070-B395-28C65E6B6B22}.Release|Any CPU.ActiveCfg = Release|Any CPU
		{CFCB3067-A998-4070-B395-28C65E6B6B22}.Release|Any CPU.Build.0 = Release|Any CPU
	EndGlobalSection
	GlobalSection(SolutionProperties) = preSolution
		HideSolutionNode = FALSE
	EndGlobalSection
	GlobalSection(ExtensibilityGlobals) = postSolution
		SolutionGuid = {7CA2BC4A-1F16-41A9-98E8-7D25FC7B26EF}
	EndGlobalSection
EndGlobal
