
Microsoft Visual Studio Solution File, Format Version 12.00
# Visual Studio Version 17
VisualStudioVersion = 17.4.33205.214
MinimumVisualStudioVersion = 10.0.40219.1
Project("{FAE04EC0-301F-11D3-BF4B-00C04F79EFBC}") = "Scene.WindowsDesktop", "Scene.WindowsDesktop\Scene.WindowsDesktop.csproj", "{511052F1-775B-4596-8161-161DD00F29B6}"
EndProject
Global
	GlobalSection(SolutionConfigurationPlatforms) = preSolution
		Debug|Any CPU = Debug|Any CPU
		Release|Any CPU = Release|Any CPU
	EndGlobalSection
	GlobalSection(ProjectConfigurationPlatforms) = postSolution
		{511052F1-775B-4596-8161-161DD00F29B6}.Debug|Any CPU.ActiveCfg = Debug|Any CPU
		{511052F1-775B-4596-8161-161DD00F29B6}.Debug|Any CPU.Build.0 = Debug|Any CPU
		{511052F1-775B-4596-8161-161DD00F29B6}.Release|Any CPU.ActiveCfg = Release|Any CPU
		{511052F1-775B-4596-8161-161DD00F29B6}.Release|Any CPU.Build.0 = Release|Any CPU
	EndGlobalSection
	GlobalSection(SolutionProperties) = preSolution
		HideSolutionNode = FALSE
	EndGlobalSection
	GlobalSection(ExtensibilityGlobals) = postSolution
		SolutionGuid = {D525E21B-9A28-4282-AB8A-8C5948D86B61}
	EndGlobalSection
EndGlobal
